
Microsoft Visual Studio Solution File, Format Version 12.00
# Visual Studio Version 17
VisualStudioVersion = 17.4.33122.133
MinimumVisualStudioVersion = 10.0.40219.1
Project("{FAE04EC0-301F-11D3-BF4B-00C04F79EFBC}") = "WinFormsApp39", "WinFormsApp39\WinFormsApp39.csproj", "{C987BB01-985D-4C93-BC56-CFCD4B26F83E}"
EndProject
Global
	GlobalSection(SolutionConfigurationPlatforms) = preSolution
		Debug|Any CPU = Debug|Any CPU
		Release|Any CPU = Release|Any CPU
	EndGlobalSection
	GlobalSection(ProjectConfigurationPlatforms) = postSolution
		{C987BB01-985D-4C93-BC56-CFCD4B26F83E}.Debug|Any CPU.ActiveCfg = Debug|Any CPU
		{C987BB01-985D-4C93-BC56-CFCD4B26F83E}.Debug|Any CPU.Build.0 = Debug|Any CPU
		{C987BB01-985D-4C93-BC56-CFCD4B26F83E}.Release|Any CPU.ActiveCfg = Release|Any CPU
		{C987BB01-985D-4C93-BC56-CFCD4B26F83E}.Release|Any CPU.Build.0 = Release|Any CPU
	EndGlobalSection
	GlobalSection(SolutionProperties) = preSolution
		HideSolutionNode = FALSE
	EndGlobalSection
	GlobalSection(ExtensibilityGlobals) = postSolution
		SolutionGuid = {8614B917-A85E-455A-8D39-E040F0E260F5}
	EndGlobalSection
EndGlobal
